
Microsoft Visual Studio Solution File, Format Version 12.00
# Visual Studio Version 16
VisualStudioVersion = 16.0.32428.217
MinimumVisualStudioVersion = 10.0.40219.1
Project("{FAE04EC0-301F-11D3-BF4B-00C04F79EFBC}") = "StickItFy", "StickItFy\StickItFy.csproj", "{6EF1E09D-5175-4D18-B43D-C5FFEE14BB66}"
EndProject
Global
	GlobalSection(SolutionConfigurationPlatforms) = preSolution
		Debug|Any CPU = Debug|Any CPU
		Release|Any CPU = Release|Any CPU
	EndGlobalSection
	GlobalSection(ProjectConfigurationPlatforms) = postSolution
		{6EF1E09D-5175-4D18-B43D-C5FFEE14BB66}.Debug|Any CPU.ActiveCfg = Debug|Any CPU
		{6EF1E09D-5175-4D18-B43D-C5FFEE14BB66}.Debug|Any CPU.Build.0 = Debug|Any CPU
		{6EF1E09D-5175-4D18-B43D-C5FFEE14BB66}.Release|Any CPU.ActiveCfg = Release|Any CPU
		{6EF1E09D-5175-4D18-B43D-C5FFEE14BB66}.Release|Any CPU.Build.0 = Release|Any CPU
	EndGlobalSection
	GlobalSection(SolutionProperties) = preSolution
		HideSolutionNode = FALSE
	EndGlobalSection
	GlobalSection(ExtensibilityGlobals) = postSolution
		SolutionGuid = {AE580436-4307-4E39-8F54-C75FECBECB31}
	EndGlobalSection
EndGlobal
